{
  "name": "partitions",
  "version": "1.0.0",
  "lockfileVersion": 3,
  "requires": true,
  "packages": {
    "": {
      "name": "partitions",
      "version": "1.0.0",
      "license": "ISC",
      "dependencies": {
        "benchmarker": "file:../benchmarker"
      }
    },
    "../benchmarker": {
      "version": "1.0.0",
      "license": "ISC",
      "dependencies": {
        "pg": "^8.11.0"
      }
    },
    "node_modules/benchmarker": {
      "resolved": "../benchmarker",
      "link": true
    }
  }
}
